
Microsoft Visual Studio Solution File, Format Version 12.00
# Visual Studio 15
VisualStudioVersion = 15.0.27004.2010
MinimumVisualStudioVersion = 10.0.40219.1
Project("{8BC9CEB8-8B4A-11D0-8D11-00A0C91BC942}") = "Problem02", "Problem02\Problem02.vcxproj", "{CF1669C8-3148-4CC5-BB45-73F24AF7EDCE}"
EndProject
Global
	GlobalSection(SolutionConfigurationPlatforms) = preSolution
		Debug|x64 = Debug|x64
		Debug|x86 = Debug|x86
		Release|x64 = Release|x64
		Release|x86 = Release|x86
	EndGlobalSection
	GlobalSection(ProjectConfigurationPlatforms) = postSolution
		{CF1669C8-3148-4CC5-BB45-73F24AF7EDCE}.Debug|x64.ActiveCfg = Debug|x64
		{CF1669C8-3148-4CC5-BB45-73F24AF7EDCE}.Debug|x64.Build.0 = Debug|x64
		{CF1669C8-3148-4CC5-BB45-73F24AF7EDCE}.Debug|x86.ActiveCfg = Debug|Win32
		{CF1669C8-3148-4CC5-BB45-73F24AF7EDCE}.Debug|x86.Build.0 = Debug|Win32
		{CF1669C8-3148-4CC5-BB45-73F24AF7EDCE}.Release|x64.ActiveCfg = Release|x64
		{CF1669C8-3148-4CC5-BB45-73F24AF7EDCE}.Release|x64.Build.0 = Release|x64
		{CF1669C8-3148-4CC5-BB45-73F24AF7EDCE}.Release|x86.ActiveCfg = Release|Win32
		{CF1669C8-3148-4CC5-BB45-73F24AF7EDCE}.Release|x86.Build.0 = Release|Win32
	EndGlobalSection
	GlobalSection(SolutionProperties) = preSolution
		HideSolutionNode = FALSE
	EndGlobalSection
	GlobalSection(ExtensibilityGlobals) = postSolution
		SolutionGuid = {6E40A5DA-7F83-4B24-B250-9524D8F7DB97}
	EndGlobalSection
EndGlobal
