
Microsoft Visual Studio Solution File, Format Version 12.00
# Visual Studio 15
VisualStudioVersion = 15.0.27703.2018
MinimumVisualStudioVersion = 10.0.40219.1
Project("{8BC9CEB8-8B4A-11D0-8D11-00A0C91BC942}") = "Problem05", "Problem05\Problem05.vcxproj", "{408950EA-BA92-40EF-9073-5C598443D07B}"
EndProject
Global
	GlobalSection(SolutionConfigurationPlatforms) = preSolution
		Debug|x64 = Debug|x64
		Debug|x86 = Debug|x86
		Release|x64 = Release|x64
		Release|x86 = Release|x86
	EndGlobalSection
	GlobalSection(ProjectConfigurationPlatforms) = postSolution
		{408950EA-BA92-40EF-9073-5C598443D07B}.Debug|x64.ActiveCfg = Debug|x64
		{408950EA-BA92-40EF-9073-5C598443D07B}.Debug|x64.Build.0 = Debug|x64
		{408950EA-BA92-40EF-9073-5C598443D07B}.Debug|x86.ActiveCfg = Debug|Win32
		{408950EA-BA92-40EF-9073-5C598443D07B}.Debug|x86.Build.0 = Debug|Win32
		{408950EA-BA92-40EF-9073-5C598443D07B}.Release|x64.ActiveCfg = Release|x64
		{408950EA-BA92-40EF-9073-5C598443D07B}.Release|x64.Build.0 = Release|x64
		{408950EA-BA92-40EF-9073-5C598443D07B}.Release|x86.ActiveCfg = Release|Win32
		{408950EA-BA92-40EF-9073-5C598443D07B}.Release|x86.Build.0 = Release|Win32
	EndGlobalSection
	GlobalSection(SolutionProperties) = preSolution
		HideSolutionNode = FALSE
	EndGlobalSection
	GlobalSection(ExtensibilityGlobals) = postSolution
		SolutionGuid = {131E7E5D-3CAC-4C72-BE02-02C837D849A0}
	EndGlobalSection
EndGlobal
