
Microsoft Visual Studio Solution File, Format Version 12.00
# Visual Studio 15
VisualStudioVersion = 15.0.28307.106
MinimumVisualStudioVersion = 10.0.40219.1
Project("{8BC9CEB8-8B4A-11D0-8D11-00A0C91BC942}") = "Problem02", "Problem02\Problem02.vcxproj", "{55A4F5AA-F469-42F7-AB43-23533D70CFDA}"
EndProject
Global
	GlobalSection(SolutionConfigurationPlatforms) = preSolution
		Debug|x64 = Debug|x64
		Debug|x86 = Debug|x86
		Release|x64 = Release|x64
		Release|x86 = Release|x86
	EndGlobalSection
	GlobalSection(ProjectConfigurationPlatforms) = postSolution
		{55A4F5AA-F469-42F7-AB43-23533D70CFDA}.Debug|x64.ActiveCfg = Debug|x64
		{55A4F5AA-F469-42F7-AB43-23533D70CFDA}.Debug|x64.Build.0 = Debug|x64
		{55A4F5AA-F469-42F7-AB43-23533D70CFDA}.Debug|x86.ActiveCfg = Debug|Win32
		{55A4F5AA-F469-42F7-AB43-23533D70CFDA}.Debug|x86.Build.0 = Debug|Win32
		{55A4F5AA-F469-42F7-AB43-23533D70CFDA}.Release|x64.ActiveCfg = Release|x64
		{55A4F5AA-F469-42F7-AB43-23533D70CFDA}.Release|x64.Build.0 = Release|x64
		{55A4F5AA-F469-42F7-AB43-23533D70CFDA}.Release|x86.ActiveCfg = Release|Win32
		{55A4F5AA-F469-42F7-AB43-23533D70CFDA}.Release|x86.Build.0 = Release|Win32
	EndGlobalSection
	GlobalSection(SolutionProperties) = preSolution
		HideSolutionNode = FALSE
	EndGlobalSection
	GlobalSection(ExtensibilityGlobals) = postSolution
		SolutionGuid = {C6F0D9EE-C215-460B-B51F-3D7BBF2169A8}
	EndGlobalSection
EndGlobal
