
Microsoft Visual Studio Solution File, Format Version 12.00
# Visual Studio 15
VisualStudioVersion = 15.0.27004.2010
MinimumVisualStudioVersion = 10.0.40219.1
Project("{8BC9CEB8-8B4A-11D0-8D11-00A0C91BC942}") = "Problem03", "Problem03\Problem03.vcxproj", "{17F5CE0B-D4D8-4685-BB30-E5998D5E7B63}"
EndProject
Global
	GlobalSection(SolutionConfigurationPlatforms) = preSolution
		Debug|x64 = Debug|x64
		Debug|x86 = Debug|x86
		Release|x64 = Release|x64
		Release|x86 = Release|x86
	EndGlobalSection
	GlobalSection(ProjectConfigurationPlatforms) = postSolution
		{17F5CE0B-D4D8-4685-BB30-E5998D5E7B63}.Debug|x64.ActiveCfg = Debug|x64
		{17F5CE0B-D4D8-4685-BB30-E5998D5E7B63}.Debug|x64.Build.0 = Debug|x64
		{17F5CE0B-D4D8-4685-BB30-E5998D5E7B63}.Debug|x86.ActiveCfg = Debug|Win32
		{17F5CE0B-D4D8-4685-BB30-E5998D5E7B63}.Debug|x86.Build.0 = Debug|Win32
		{17F5CE0B-D4D8-4685-BB30-E5998D5E7B63}.Release|x64.ActiveCfg = Release|x64
		{17F5CE0B-D4D8-4685-BB30-E5998D5E7B63}.Release|x64.Build.0 = Release|x64
		{17F5CE0B-D4D8-4685-BB30-E5998D5E7B63}.Release|x86.ActiveCfg = Release|Win32
		{17F5CE0B-D4D8-4685-BB30-E5998D5E7B63}.Release|x86.Build.0 = Release|Win32
	EndGlobalSection
	GlobalSection(SolutionProperties) = preSolution
		HideSolutionNode = FALSE
	EndGlobalSection
	GlobalSection(ExtensibilityGlobals) = postSolution
		SolutionGuid = {9C037D8C-EC8E-480B-AA2C-B8A6063F7D66}
	EndGlobalSection
EndGlobal
