
Microsoft Visual Studio Solution File, Format Version 12.00
# Visual Studio 15
VisualStudioVersion = 15.0.28307.489
MinimumVisualStudioVersion = 10.0.40219.1
Project("{8BC9CEB8-8B4A-11D0-8D11-00A0C91BC942}") = "Problem05", "Problem05\Problem05.vcxproj", "{11BB071F-60AC-406F-95F5-ECD86C4C6108}"
EndProject
Global
	GlobalSection(SolutionConfigurationPlatforms) = preSolution
		Debug|x64 = Debug|x64
		Debug|x86 = Debug|x86
		Release|x64 = Release|x64
		Release|x86 = Release|x86
	EndGlobalSection
	GlobalSection(ProjectConfigurationPlatforms) = postSolution
		{11BB071F-60AC-406F-95F5-ECD86C4C6108}.Debug|x64.ActiveCfg = Debug|x64
		{11BB071F-60AC-406F-95F5-ECD86C4C6108}.Debug|x64.Build.0 = Debug|x64
		{11BB071F-60AC-406F-95F5-ECD86C4C6108}.Debug|x86.ActiveCfg = Debug|Win32
		{11BB071F-60AC-406F-95F5-ECD86C4C6108}.Debug|x86.Build.0 = Debug|Win32
		{11BB071F-60AC-406F-95F5-ECD86C4C6108}.Release|x64.ActiveCfg = Release|x64
		{11BB071F-60AC-406F-95F5-ECD86C4C6108}.Release|x64.Build.0 = Release|x64
		{11BB071F-60AC-406F-95F5-ECD86C4C6108}.Release|x86.ActiveCfg = Release|Win32
		{11BB071F-60AC-406F-95F5-ECD86C4C6108}.Release|x86.Build.0 = Release|Win32
	EndGlobalSection
	GlobalSection(SolutionProperties) = preSolution
		HideSolutionNode = FALSE
	EndGlobalSection
	GlobalSection(ExtensibilityGlobals) = postSolution
		SolutionGuid = {35F1E8B9-A081-49DA-9715-10CA0B911658}
	EndGlobalSection
EndGlobal
